
Microsoft Visual Studio Solution File, Format Version 12.00
# Visual Studio Version 17
VisualStudioVersion = 17.3.32929.385
MinimumVisualStudioVersion = 10.0.40219.1
Project("{9A19103F-16F7-4668-BE54-9A1E7A4F7556}") = "Graduation_project", "Graduation_project\Graduation_project.csproj", "{105EACC9-FC9C-4AE4-BA58-BABA97D3674C}"
EndProject
Project("{9A19103F-16F7-4668-BE54-9A1E7A4F7556}") = "Repo_EF", "Repo_EF\Repo_EF.csproj", "{ACCC828B-51E4-499E-BF7E-82885A6502E2}"
EndProject
Project("{9A19103F-16F7-4668-BE54-9A1E7A4F7556}") = "Repo_Core", "Repo_Core\Repo_Core.csproj", "{08E9432E-8CE0-4DA5-81DD-D8A72B3CEBAB}"
EndProject
Global
	GlobalSection(SolutionConfigurationPlatforms) = preSolution
		Debug|Any CPU = Debug|Any CPU
		Release|Any CPU = Release|Any CPU
	EndGlobalSection
	GlobalSection(ProjectConfigurationPlatforms) = postSolution
		{105EACC9-FC9C-4AE4-BA58-BABA97D3674C}.Debug|Any CPU.ActiveCfg = Debug|Any CPU
		{105EACC9-FC9C-4AE4-BA58-BABA97D3674C}.Debug|Any CPU.Build.0 = Debug|Any CPU
		{105EACC9-FC9C-4AE4-BA58-BABA97D3674C}.Release|Any CPU.ActiveCfg = Release|Any CPU
		{105EACC9-FC9C-4AE4-BA58-BABA97D3674C}.Release|Any CPU.Build.0 = Release|Any CPU
		{ACCC828B-51E4-499E-BF7E-82885A6502E2}.Debug|Any CPU.ActiveCfg = Debug|Any CPU
		{ACCC828B-51E4-499E-BF7E-82885A6502E2}.Debug|Any CPU.Build.0 = Debug|Any CPU
		{ACCC828B-51E4-499E-BF7E-82885A6502E2}.Release|Any CPU.ActiveCfg = Release|Any CPU
		{ACCC828B-51E4-499E-BF7E-82885A6502E2}.Release|Any CPU.Build.0 = Release|Any CPU
		{08E9432E-8CE0-4DA5-81DD-D8A72B3CEBAB}.Debug|Any CPU.ActiveCfg = Debug|Any CPU
		{08E9432E-8CE0-4DA5-81DD-D8A72B3CEBAB}.Debug|Any CPU.Build.0 = Debug|Any CPU
		{08E9432E-8CE0-4DA5-81DD-D8A72B3CEBAB}.Release|Any CPU.ActiveCfg = Release|Any CPU
		{08E9432E-8CE0-4DA5-81DD-D8A72B3CEBAB}.Release|Any CPU.Build.0 = Release|Any CPU
	EndGlobalSection
	GlobalSection(SolutionProperties) = preSolution
		HideSolutionNode = FALSE
	EndGlobalSection
	GlobalSection(ExtensibilityGlobals) = postSolution
		SolutionGuid = {CC8FC7C2-E392-4C39-8719-9C047CD9AED6}
	EndGlobalSection
EndGlobal
